{
  "name": "gtag-frontend-tests",
  "lockfileVersion": 3,
  "requires": true,
  "packages": {
    "": {
      "name": "gtag-frontend-tests",
      "devDependencies": {
        "intl-messageformat": "11.2.15",
        "marked": "18.0.12",
        "xss": "1.0.15"
      }
    },
    "node_modules/@formatjs/fast-memoize": {
      "version": "3.1.7",
      "resolved": "https://registry.npmjs.org/@formatjs/fast-memoize/-/fast-memoize-3.1.7.tgz",
      "integrity": "sha512-zXfhLpvA6T7+efdt9JLbBwZ00tT7NsBMDVnDu8rpHeNNv8KfRZAMo2gkG0k9lK/Nzc//3kJ9pImsfuJxk3KhUA==",
      "dev": true,
      "license": "MIT"
    },
    "node_modules/@formatjs/icu-messageformat-parser": {
      "version": "3.5.18",
      "resolved": "https://registry.npmjs.org/@formatjs/icu-messageformat-parser/-/icu-messageformat-parser-3.5.18.tgz",
      "integrity": "sha512-wX1efcL8d7K5QapOTRsP/OLTA/kpwe4LwqWyNxDNg5iRs8i9jJbCyxB5P8jc4KOW5oiLzz2DJr+BRY5xMV9+bA==",
      "dev": true,
      "license": "MIT",
      "dependencies": {
        "@formatjs/icu-skeleton-parser": "2.1.11"
      }
    },
    "node_modules/@formatjs/icu-skeleton-parser": {
      "version": "2.1.11",
      "resolved": "https://registry.npmjs.org/@formatjs/icu-skeleton-parser/-/icu-skeleton-parser-2.1.11.tgz",
      "integrity": "sha512-j8cUmOJzVgkHuS0QiQ6ga76UIoLOFSAMWhs7aZJztH3aAdCOAE6vpC8KVvFB4cU10ON0y2/5oOVmPJ43s2lTwA==",
      "dev": true,
      "license": "MIT"
    },
    "node_modules/commander": {
      "version": "2.20.3",
      "resolved": "https://registry.npmjs.org/commander/-/commander-2.20.3.tgz",
      "integrity": "sha512-GpVkmM8vF2vQUkj2LvZmD35JxeJOLCwJ9cUkugyk2nuhbv3+mJvpLYYt+0+USMxE+oj+ey/lJEnhZw75x/OMcQ==",
      "dev": true,
      "license": "MIT"
    },
    "node_modules/cssfilter": {
      "version": "0.0.10",
      "resolved": "https://registry.npmjs.org/cssfilter/-/cssfilter-0.0.10.tgz",
      "integrity": "sha512-FAaLDaplstoRsDR8XGYH51znUN0UY7nMc6Z9/fvE8EXGwvJE9hu7W2vHwx1+bd6gCYnln9nLbzxFTrcO9YQDZw==",
      "dev": true,
      "license": "MIT"
    },
    "node_modules/intl-messageformat": {
      "version": "11.2.15",
      "resolved": "https://registry.npmjs.org/intl-messageformat/-/intl-messageformat-11.2.15.tgz",
      "integrity": "sha512-W4VNytsXyWgW5lvVchmsb9xgA5rSKqoflu3/IQ9UCtB0z4R+Bx9MoEkwFT/+30RCl/KzUoH0QGGe9lppF5SuvQ==",
      "dev": true,
      "license": "BSD-3-Clause",
      "dependencies": {
        "@formatjs/fast-memoize": "3.1.7",
        "@formatjs/icu-messageformat-parser": "3.5.18"
      }
    },
    "node_modules/marked": {
      "version": "18.0.12",
      "resolved": "https://registry.npmjs.org/marked/-/marked-18.0.12.tgz",
      "integrity": "sha512-LEm4ga2YeI2T3GVHj9b0BaDPPk93LLTHMFeMyQbNIzPxc8vCI0y/scy0ZA6z6lXKyT9j9Nhl/OC6ZYKYGuFScA==",
      "dev": true,
      "license": "MIT",
      "bin": {
        "marked": "bin/marked.js"
      },
      "engines": {
        "node": ">= 20"
      }
    },
    "node_modules/xss": {
      "version": "1.0.15",
      "resolved": "https://registry.npmjs.org/xss/-/xss-1.0.15.tgz",
      "integrity": "sha512-FVdlVVC67WOIPvfOwhoMETV72f6GbW7aOabBC3WxN/oUdoEMDyLz4OgRv5/gck2ZeNqEQu+Tb0kloovXOfpYVg==",
      "dev": true,
      "license": "MIT",
      "dependencies": {
        "commander": "^2.20.3",
        "cssfilter": "0.0.10"
      },
      "bin": {
        "xss": "bin/xss"
      },
      "engines": {
        "node": ">= 0.10.0"
      }
    }
  }
}
